// !$*UTF8*$!
{
	archiveVersion = 1;
	classes = {
	};
	objectVersion = 45;
	objects = {

/* Begin PBXBuildFile section */
		1D3623260D0F684500981E51 /* PresenceAppDelegate.m in Sources */ = {isa = PBXBuildFile; fileRef = 1D3623250D0F684500981E51 /* PresenceAppDelegate.m */; };
		1D60589B0D05DD56006BFB54 /* main.m in Sources */ = {isa = PBXBuildFile; fileRef = 29B97316FDCFA39411CA2CEA /* main.m */; };
		1D60589F0D05DD5A006BFB54 /* Foundation.framework in Frameworks */ = {isa = PBXBuildFile; fileRef = 1D30AB110D05D00D00671497 /* Foundation.framework */; };
		1DF5F4E00D08C38300B7A737 /* UIKit.framework in Frameworks */ = {isa = PBXBuildFile; fileRef = 1DF5F4DF0D08C38300B7A737 /* UIKit.framework */; };
		288765FD0DF74451002DB57D /* CoreGraphics.framework in Frameworks */ = {isa = PBXBuildFile; fileRef = 288765FC0DF74451002DB57D /* CoreGraphics.framework */; };
		28AD733F0D9D9553002E5188 /* MainWindow.xib in Resources */ = {isa = PBXBuildFile; fileRef = 28AD733E0D9D9553002E5188 /* MainWindow.xib */; };
		6760AC1110634812009B83E5 /* TwitterHelper.m in Sources */ = {isa = PBXBuildFile; fileRef = 6760AC1010634812009B83E5 /* TwitterHelper.m */; };
		67B66B97106C0F9E00DD1FC1 /* TwitterUsers.plist in Resources */ = {isa = PBXBuildFile; fileRef = 67B66B96106C0F9E00DD1FC1 /* TwitterUsers.plist */; };
		67B66BBF106C182800DD1FC1 /* Person.m in Sources */ = {isa = PBXBuildFile; fileRef = 67B66BBE106C182800DD1FC1 /* Person.m */; };
		67B66D69106C5F2800DD1FC1 /* NSObject+SBJSON.m in Sources */ = {isa = PBXBuildFile; fileRef = 67B66D64106C5F2800DD1FC1 /* NSObject+SBJSON.m */; };
		67B66D6A106C5F2800DD1FC1 /* NSString+SBJSON.m in Sources */ = {isa = PBXBuildFile; fileRef = 67B66D66106C5F2800DD1FC1 /* NSString+SBJSON.m */; };
		67B66D6B106C5F2800DD1FC1 /* SBJSON.m in Sources */ = {isa = PBXBuildFile; fileRef = 67B66D68106C5F2800DD1FC1 /* SBJSON.m */; };
		67FC5B111061E880002CD1FA /* PersonListViewController.m in Sources */ = {isa = PBXBuildFile; fileRef = 67FC5B101061E880002CD1FA /* PersonListViewController.m */; };
		67FC5B1610628B1E002CD1FA /* PersonList.xib in Resources */ = {isa = PBXBuildFile; fileRef = 67FC5B1510628B1E002CD1FA /* PersonList.xib */; };
		67FC5B3C1062A51B002CD1FA /* PersonViewController.m in Sources */ = {isa = PBXBuildFile; fileRef = 67FC5B3B1062A51B002CD1FA /* PersonViewController.m */; };
		67FC5B401062A532002CD1FA /* Person.xib in Resources */ = {isa = PBXBuildFile; fileRef = 67FC5B3F1062A532002CD1FA /* Person.xib */; };
		67FC5B451062A860002CD1FA /* me_and_bird.jpg in Resources */ = {isa = PBXBuildFile; fileRef = 67FC5B441062A860002CD1FA /* me_and_bird.jpg */; };
		67FC5B471062A8F2002CD1FA /* joe_hiyah.jpg in Resources */ = {isa = PBXBuildFile; fileRef = 67FC5B461062A8F2002CD1FA /* joe_hiyah.jpg */; };
		67FC5B491062A942002CD1FA /* me_and_nicole.jpg in Resources */ = {isa = PBXBuildFile; fileRef = 67FC5B481062A942002CD1FA /* me_and_nicole.jpg */; };
/* End PBXBuildFile section */

/* Begin PBXFileReference section */
		1D30AB110D05D00D00671497 /* Foundation.framework */ = {isa = PBXFileReference; lastKnownFileType = wrapper.framework; name = Foundation.framework; path = System/Library/Frameworks/Foundation.framework; sourceTree = SDKROOT; };
		1D3623240D0F684500981E51 /* PresenceAppDelegate.h */ = {isa = PBXFileReference; fileEncoding = 4; lastKnownFileType = sourcecode.c.h; path = PresenceAppDelegate.h; sourceTree = "<group>"; };
		1D3623250D0F684500981E51 /* PresenceAppDelegate.m */ = {isa = PBXFileReference; fileEncoding = 4; lastKnownFileType = sourcecode.c.objc; path = PresenceAppDelegate.m; sourceTree = "<group>"; };
		1D6058910D05DD3D006BFB54 /* Presence.app */ = {isa = PBXFileReference; explicitFileType = wrapper.application; includeInIndex = 0; path = Presence.app; sourceTree = BUILT_PRODUCTS_DIR; };
		1DF5F4DF0D08C38300B7A737 /* UIKit.framework */ = {isa = PBXFileReference; lastKnownFileType = wrapper.framework; name = UIKit.framework; path = System/Library/Frameworks/UIKit.framework; sourceTree = SDKROOT; };
		288765FC0DF74451002DB57D /* CoreGraphics.framework */ = {isa = PBXFileReference; lastKnownFileType = wrapper.framework; name = CoreGraphics.framework; path = System/Library/Frameworks/CoreGraphics.framework; sourceTree = SDKROOT; };
		28AD733E0D9D9553002E5188 /* MainWindow.xib */ = {isa = PBXFileReference; lastKnownFileType = file.xib; path = MainWindow.xib; sourceTree = "<group>"; };
		29B97316FDCFA39411CA2CEA /* main.m */ = {isa = PBXFileReference; fileEncoding = 4; lastKnownFileType = sourcecode.c.objc; path = main.m; sourceTree = "<group>"; };
		32CA4F630368D1EE00C91783 /* Presence_Prefix.pch */ = {isa = PBXFileReference; fileEncoding = 4; lastKnownFileType = sourcecode.c.h; path = Presence_Prefix.pch; sourceTree = "<group>"; };
		6760AC0F10634812009B83E5 /* TwitterHelper.h */ = {isa = PBXFileReference; fileEncoding = 4; lastKnownFileType = sourcecode.c.h; path = TwitterHelper.h; sourceTree = "<group>"; };
		6760AC1010634812009B83E5 /* TwitterHelper.m */ = {isa = PBXFileReference; fileEncoding = 4; lastKnownFileType = sourcecode.c.objc; path = TwitterHelper.m; sourceTree = "<group>"; };
		67B66B96106C0F9E00DD1FC1 /* TwitterUsers.plist */ = {isa = PBXFileReference; fileEncoding = 4; lastKnownFileType = text.plist.xml; name = TwitterUsers.plist; path = Classes/TwitterUsers.plist; sourceTree = "<group>"; };
		67B66BBD106C182800DD1FC1 /* Person.h */ = {isa = PBXFileReference; fileEncoding = 4; lastKnownFileType = sourcecode.c.h; path = Person.h; sourceTree = "<group>"; };
		67B66BBE106C182800DD1FC1 /* Person.m */ = {isa = PBXFileReference; fileEncoding = 4; lastKnownFileType = sourcecode.c.objc; path = Person.m; sourceTree = "<group>"; };
		67B66D62106C5F2800DD1FC1 /* JSON.h */ = {isa = PBXFileReference; fileEncoding = 4; lastKnownFileType = sourcecode.c.h; name = JSON.h; path = JSON/JSON.h; sourceTree = "<group>"; };
		67B66D63106C5F2800DD1FC1 /* NSObject+SBJSON.h */ = {isa = PBXFileReference; fileEncoding = 4; lastKnownFileType = sourcecode.c.h; name = "NSObject+SBJSON.h"; path = "JSON/NSObject+SBJSON.h"; sourceTree = "<group>"; };
		67B66D64106C5F2800DD1FC1 /* NSObject+SBJSON.m */ = {isa = PBXFileReference; fileEncoding = 4; lastKnownFileType = sourcecode.c.objc; name = "NSObject+SBJSON.m"; path = "JSON/NSObject+SBJSON.m"; sourceTree = "<group>"; };
		67B66D65106C5F2800DD1FC1 /* NSString+SBJSON.h */ = {isa = PBXFileReference; fileEncoding = 4; lastKnownFileType = sourcecode.c.h; name = "NSString+SBJSON.h"; path = "JSON/NSString+SBJSON.h"; sourceTree = "<group>"; };
		67B66D66106C5F2800DD1FC1 /* NSString+SBJSON.m */ = {isa = PBXFileReference; fileEncoding = 4; lastKnownFileType = sourcecode.c.objc; name = "NSString+SBJSON.m"; path = "JSON/NSString+SBJSON.m"; sourceTree = "<group>"; };
		67B66D67106C5F2800DD1FC1 /* SBJSON.h */ = {isa = PBXFileReference; fileEncoding = 4; lastKnownFileType = sourcecode.c.h; name = SBJSON.h; path = JSON/SBJSON.h; sourceTree = "<group>"; };
		67B66D68106C5F2800DD1FC1 /* SBJSON.m */ = {isa = PBXFileReference; fileEncoding = 4; lastKnownFileType = sourcecode.c.objc; name = SBJSON.m; path = JSON/SBJSON.m; sourceTree = "<group>"; };
		67FC5B0F1061E880002CD1FA /* PersonListViewController.h */ = {isa = PBXFileReference; fileEncoding = 4; lastKnownFileType = sourcecode.c.h; path = PersonListViewController.h; sourceTree = "<group>"; };
		67FC5B101061E880002CD1FA /* PersonListViewController.m */ = {isa = PBXFileReference; fileEncoding = 4; lastKnownFileType = sourcecode.c.objc; path = PersonListViewController.m; sourceTree = "<group>"; };
		67FC5B1510628B1E002CD1FA /* PersonList.xib */ = {isa = PBXFileReference; lastKnownFileType = file.xib; path = PersonList.xib; sourceTree = "<group>"; };
		67FC5B3A1062A51B002CD1FA /* PersonViewController.h */ = {isa = PBXFileReference; fileEncoding = 4; lastKnownFileType = sourcecode.c.h; path = PersonViewController.h; sourceTree = "<group>"; };
		67FC5B3B1062A51B002CD1FA /* PersonViewController.m */ = {isa = PBXFileReference; fileEncoding = 4; lastKnownFileType = sourcecode.c.objc; path = PersonViewController.m; sourceTree = "<group>"; };
		67FC5B3F1062A532002CD1FA /* Person.xib */ = {isa = PBXFileReference; lastKnownFileType = file.xib; path = Person.xib; sourceTree = "<group>"; };
		67FC5B441062A860002CD1FA /* me_and_bird.jpg */ = {isa = PBXFileReference; lastKnownFileType = image.jpeg; path = me_and_bird.jpg; sourceTree = "<group>"; };
		67FC5B461062A8F2002CD1FA /* joe_hiyah.jpg */ = {isa = PBXFileReference; lastKnownFileType = image.jpeg; path = joe_hiyah.jpg; sourceTree = "<group>"; };
		67FC5B481062A942002CD1FA /* me_and_nicole.jpg */ = {isa = PBXFileReference; lastKnownFileType = image.jpeg; path = me_and_nicole.jpg; sourceTree = "<group>"; };
		8D1107310486CEB800E47090 /* Presence-Info.plist */ = {isa = PBXFileReference; fileEncoding = 4; lastKnownFileType = text.plist.xml; path = "Presence-Info.plist"; plistStructureDefinitionIdentifier = "com.apple.xcode.plist.structure-definition.iphone.info-plist"; sourceTree = "<group>"; };
/* End PBXFileReference section */

/* Begin PBXFrameworksBuildPhase section */
		1D60588F0D05DD3D006BFB54 /* Frameworks */ = {
			isa = PBXFrameworksBuildPhase;
			buildActionMask = 2147483647;
			files = (
				1D60589F0D05DD5A006BFB54 /* Foundation.framework in Frameworks */,
				1DF5F4E00D08C38300B7A737 /* UIKit.framework in Frameworks */,
				288765FD0DF74451002DB57D /* CoreGraphics.framework in Frameworks */,
			);
			runOnlyForDeploymentPostprocessing = 0;
		};
/* End PBXFrameworksBuildPhase section */

/* Begin PBXGroup section */
		080E96DDFE201D6D7F000001 /* Classes */ = {
			isa = PBXGroup;
			children = (
				67B66D62106C5F2800DD1FC1 /* JSON.h */,
				67B66D63106C5F2800DD1FC1 /* NSObject+SBJSON.h */,
				67B66D64106C5F2800DD1FC1 /* NSObject+SBJSON.m */,
				67B66D65106C5F2800DD1FC1 /* NSString+SBJSON.h */,
				67B66D66106C5F2800DD1FC1 /* NSString+SBJSON.m */,
				67B66D67106C5F2800DD1FC1 /* SBJSON.h */,
				67B66D68106C5F2800DD1FC1 /* SBJSON.m */,
				6760AC0F10634812009B83E5 /* TwitterHelper.h */,
				6760AC1010634812009B83E5 /* TwitterHelper.m */,
				67B66BBD106C182800DD1FC1 /* Person.h */,
				67B66BBE106C182800DD1FC1 /* Person.m */,
				67FC5B3A1062A51B002CD1FA /* PersonViewController.h */,
				67FC5B3B1062A51B002CD1FA /* PersonViewController.m */,
				67FC5B3F1062A532002CD1FA /* Person.xib */,
				67FC5B1510628B1E002CD1FA /* PersonList.xib */,
				67FC5B0F1061E880002CD1FA /* PersonListViewController.h */,
				67FC5B101061E880002CD1FA /* PersonListViewController.m */,
				1D3623240D0F684500981E51 /* PresenceAppDelegate.h */,
				1D3623250D0F684500981E51 /* PresenceAppDelegate.m */,
			);
			path = Classes;
			sourceTree = "<group>";
		};
		19C28FACFE9D520D11CA2CBB /* Products */ = {
			isa = PBXGroup;
			children = (
				1D6058910D05DD3D006BFB54 /* Presence.app */,
			);
			name = Products;
			sourceTree = "<group>";
		};
		29B97314FDCFA39411CA2CEA /* CustomTemplate */ = {
			isa = PBXGroup;
			children = (
				080E96DDFE201D6D7F000001 /* Classes */,
				29B97315FDCFA39411CA2CEA /* Other Sources */,
				29B97317FDCFA39411CA2CEA /* Resources */,
				29B97323FDCFA39411CA2CEA /* Frameworks */,
				19C28FACFE9D520D11CA2CBB /* Products */,
			);
			name = CustomTemplate;
			sourceTree = "<group>";
		};
		29B97315FDCFA39411CA2CEA /* Other Sources */ = {
			isa = PBXGroup;
			children = (
				32CA4F630368D1EE00C91783 /* Presence_Prefix.pch */,
				29B97316FDCFA39411CA2CEA /* main.m */,
			);
			name = "Other Sources";
			sourceTree = "<group>";
		};
		29B97317FDCFA39411CA2CEA /* Resources */ = {
			isa = PBXGroup;
			children = (
				28AD733E0D9D9553002E5188 /* MainWindow.xib */,
				67B66B96106C0F9E00DD1FC1 /* TwitterUsers.plist */,
				8D1107310486CEB800E47090 /* Presence-Info.plist */,
				67FC5B441062A860002CD1FA /* me_and_bird.jpg */,
				67FC5B461062A8F2002CD1FA /* joe_hiyah.jpg */,
				67FC5B481062A942002CD1FA /* me_and_nicole.jpg */,
			);
			name = Resources;
			sourceTree = "<group>";
		};
		29B97323FDCFA39411CA2CEA /* Frameworks */ = {
			isa = PBXGroup;
			children = (
				1DF5F4DF0D08C38300B7A737 /* UIKit.framework */,
				1D30AB110D05D00D00671497 /* Foundation.framework */,
				288765FC0DF74451002DB57D /* CoreGraphics.framework */,
			);
			name = Frameworks;
			sourceTree = "<group>";
		};
/* End PBXGroup section */

/* Begin PBXNativeTarget section */
		1D6058900D05DD3D006BFB54 /* Presence */ = {
			isa = PBXNativeTarget;
			buildConfigurationList = 1D6058960D05DD3E006BFB54 /* Build configuration list for PBXNativeTarget "Presence" */;
			buildPhases = (
				1D60588D0D05DD3D006BFB54 /* Resources */,
				1D60588E0D05DD3D006BFB54 /* Sources */,
				1D60588F0D05DD3D006BFB54 /* Frameworks */,
			);
			buildRules = (
			);
			dependencies = (
			);
			name = Presence;
			productName = Presence;
			productReference = 1D6058910D05DD3D006BFB54 /* Presence.app */;
			productType = "com.apple.product-type.application";
		};
/* End PBXNativeTarget section */

/* Begin PBXProject section */
		29B97313FDCFA39411CA2CEA /* Project object */ = {
			isa = PBXProject;
			buildConfigurationList = C01FCF4E08A954540054247B /* Build configuration list for PBXProject "Presence" */;
			compatibilityVersion = "Xcode 3.1";
			hasScannedForEncodings = 1;
			mainGroup = 29B97314FDCFA39411CA2CEA /* CustomTemplate */;
			projectDirPath = "";
			projectRoot = "";
			targets = (
				1D6058900D05DD3D006BFB54 /* Presence */,
			);
		};
/* End PBXProject section */

/* Begin PBXResourcesBuildPhase section */
		1D60588D0D05DD3D006BFB54 /* Resources */ = {
			isa = PBXResourcesBuildPhase;
			buildActionMask = 2147483647;
			files = (
				28AD733F0D9D9553002E5188 /* MainWindow.xib in Resources */,
				67FC5B1610628B1E002CD1FA /* PersonList.xib in Resources */,
				67FC5B401062A532002CD1FA /* Person.xib in Resources */,
				67FC5B451062A860002CD1FA /* me_and_bird.jpg in Resources */,
				67FC5B471062A8F2002CD1FA /* joe_hiyah.jpg in Resources */,
				67FC5B491062A942002CD1FA /* me_and_nicole.jpg in Resources */,
				67B66B97106C0F9E00DD1FC1 /* TwitterUsers.plist in Resources */,
			);
			runOnlyForDeploymentPostprocessing = 0;
		};
/* End PBXResourcesBuildPhase section */

/* Begin PBXSourcesBuildPhase section */
		1D60588E0D05DD3D006BFB54 /* Sources */ = {
			isa = PBXSourcesBuildPhase;
			buildActionMask = 2147483647;
			files = (
				1D60589B0D05DD56006BFB54 /* main.m in Sources */,
				1D3623260D0F684500981E51 /* PresenceAppDelegate.m in Sources */,
				67FC5B111061E880002CD1FA /* PersonListViewController.m in Sources */,
				67FC5B3C1062A51B002CD1FA /* PersonViewController.m in Sources */,
				6760AC1110634812009B83E5 /* TwitterHelper.m in Sources */,
				67B66BBF106C182800DD1FC1 /* Person.m in Sources */,
				67B66D69106C5F2800DD1FC1 /* NSObject+SBJSON.m in Sources */,
				67B66D6A106C5F2800DD1FC1 /* NSString+SBJSON.m in Sources */,
				67B66D6B106C5F2800DD1FC1 /* SBJSON.m in Sources */,
			);
			runOnlyForDeploymentPostprocessing = 0;
		};
/* End PBXSourcesBuildPhase section */

/* Begin XCBuildConfiguration section */
		1D6058940D05DD3E006BFB54 /* Debug */ = {
			isa = XCBuildConfiguration;
			buildSettings = {
				ALWAYS_SEARCH_USER_PATHS = NO;
				COPY_PHASE_STRIP = NO;
				GCC_DYNAMIC_NO_PIC = NO;
				GCC_OPTIMIZATION_LEVEL = 0;
				GCC_PRECOMPILE_PREFIX_HEADER = YES;
				GCC_PREFIX_HEADER = Presence_Prefix.pch;
				INFOPLIST_FILE = "Presence-Info.plist";
				PRODUCT_NAME = Presence;
			};
			name = Debug;
		};
		1D6058950D05DD3E006BFB54 /* Release */ = {
			isa = XCBuildConfiguration;
			buildSettings = {
				ALWAYS_SEARCH_USER_PATHS = NO;
				COPY_PHASE_STRIP = YES;
				GCC_PRECOMPILE_PREFIX_HEADER = YES;
				GCC_PREFIX_HEADER = Presence_Prefix.pch;
				INFOPLIST_FILE = "Presence-Info.plist";
				PRODUCT_NAME = Presence;
			};
			name = Release;
		};
		C01FCF4F08A954540054247B /* Debug */ = {
			isa = XCBuildConfiguration;
			buildSettings = {
				ARCHS = "$(ARCHS_STANDARD_32_BIT)";
				"CODE_SIGN_IDENTITY[sdk=iphoneos*]" = "iPhone Developer";
				GCC_C_LANGUAGE_STANDARD = c99;
				GCC_WARN_ABOUT_RETURN_TYPE = YES;
				GCC_WARN_UNUSED_VARIABLE = YES;
				PREBINDING = NO;
				SDKROOT = iphoneos3.0;
			};
			name = Debug;
		};
		C01FCF5008A954540054247B /* Release */ = {
			isa = XCBuildConfiguration;
			buildSettings = {
				ARCHS = "$(ARCHS_STANDARD_32_BIT)";
				"CODE_SIGN_IDENTITY[sdk=iphoneos*]" = "iPhone Developer";
				GCC_C_LANGUAGE_STANDARD = c99;
				GCC_WARN_ABOUT_RETURN_TYPE = YES;
				GCC_WARN_UNUSED_VARIABLE = YES;
				PREBINDING = NO;
				SDKROOT = iphoneos3.0;
			};
			name = Release;
		};
/* End XCBuildConfiguration section */

/* Begin XCConfigurationList section */
		1D6058960D05DD3E006BFB54 /* Build configuration list for PBXNativeTarget "Presence" */ = {
			isa = XCConfigurationList;
			buildConfigurations = (
				1D6058940D05DD3E006BFB54 /* Debug */,
				1D6058950D05DD3E006BFB54 /* Release */,
			);
			defaultConfigurationIsVisible = 0;
			defaultConfigurationName = Release;
		};
		C01FCF4E08A954540054247B /* Build configuration list for PBXProject "Presence" */ = {
			isa = XCConfigurationList;
			buildConfigurations = (
				C01FCF4F08A954540054247B /* Debug */,
				C01FCF5008A954540054247B /* Release */,
			);
			defaultConfigurationIsVisible = 0;
			defaultConfigurationName = Release;
		};
/* End XCConfigurationList section */
	};
	rootObject = 29B97313FDCFA39411CA2CEA /* Project object */;
}
